
Microsoft Visual Studio Solution File, Format Version 12.00
# Visual Studio 15
VisualStudioVersion = 15.0.27130.2027
MinimumVisualStudioVersion = 10.0.40219.1
Project("{9A19103F-16F7-4668-BE54-9A1E7A4F7556}") = "DotzNext.EventSourcing", "DotzNext.EventSourcing\DotzNext.EventSourcing.csproj", "{ABE36459-1517-4E03-878B-752FBA9A825D}"
EndProject
Project("{9A19103F-16F7-4668-BE54-9A1E7A4F7556}") = "Members.Sync.Next.EventSourcing", "Members.Sync.Next.EventSourcing\Members.Sync.Next.EventSourcing.csproj", "{360084FF-37EB-45B5-9D56-B05DCC7FADC4}"
EndProject
Project("{9A19103F-16F7-4668-BE54-9A1E7A4F7556}") = "Members.Sync.Next.Consumer", "Members.Sync.Next.Consumer\Members.Sync.Next.Consumer.csproj", "{063BB08A-09EA-4CF5-A539-56C63EFD2C8A}"
EndProject
Project("{9A19103F-16F7-4668-BE54-9A1E7A4F7556}") = "DotzNext.EventBus", "DotzNext.EventBus\DotzNext.EventBus.csproj", "{32A446F6-2F34-4BE8-9FEF-629F37F0020A}"
EndProject
Project("{2150E333-8FDC-42A3-9474-1A3956D46DE8}") = "Sync", "Sync", "{99795E73-13C0-41B2-8549-7F547FD8B596}"
EndProject
Project("{2150E333-8FDC-42A3-9474-1A3956D46DE8}") = "Dotz", "Dotz", "{CC5E93EC-8B75-4DA4-9431-581A6E2AF541}"
EndProject
Project("{9A19103F-16F7-4668-BE54-9A1E7A4F7556}") = "Members.Sync.Next.Services", "Members.Sync.Next.Services\Members.Sync.Next.Services.csproj", "{57F1AA3A-458D-4367-9E9C-4EEC0A70CB69}"
EndProject
Project("{2150E333-8FDC-42A3-9474-1A3956D46DE8}") = "Tests", "Tests", "{138A43B8-A620-4B16-AAAA-EE522ADF2B0B}"
EndProject
Project("{2150E333-8FDC-42A3-9474-1A3956D46DE8}") = "Unit", "Unit", "{3707A631-71A3-41D6-AE1E-E91682EE689E}"
EndProject
Project("{FAE04EC0-301F-11D3-BF4B-00C04F79EFBC}") = "Members.Sync.Next.EventSourcing.Tests", "Members.Sync.Next.EventSourcing.Tests\Members.Sync.Next.EventSourcing.Tests.csproj", "{7E6D32D1-6B53-4A60-8AAC-3A2EE78D0277}"
EndProject
Project("{FAE04EC0-301F-11D3-BF4B-00C04F79EFBC}") = "Members.Sync.Next.Services.Tests", "Members.Sync.Next.Services.Tests\Members.Sync.Next.Services.Tests.csproj", "{A21CB427-6AFD-4FB2-AE0B-91DC159435D0}"
EndProject
Global
	GlobalSection(SolutionConfigurationPlatforms) = preSolution
		Debug|Any CPU = Debug|Any CPU
		Release|Any CPU = Release|Any CPU
	EndGlobalSection
	GlobalSection(ProjectConfigurationPlatforms) = postSolution
		{ABE36459-1517-4E03-878B-752FBA9A825D}.Debug|Any CPU.ActiveCfg = Debug|Any CPU
		{ABE36459-1517-4E03-878B-752FBA9A825D}.Debug|Any CPU.Build.0 = Debug|Any CPU
		{ABE36459-1517-4E03-878B-752FBA9A825D}.Release|Any CPU.ActiveCfg = Release|Any CPU
		{ABE36459-1517-4E03-878B-752FBA9A825D}.Release|Any CPU.Build.0 = Release|Any CPU
		{360084FF-37EB-45B5-9D56-B05DCC7FADC4}.Debug|Any CPU.ActiveCfg = Debug|Any CPU
		{360084FF-37EB-45B5-9D56-B05DCC7FADC4}.Debug|Any CPU.Build.0 = Debug|Any CPU
		{360084FF-37EB-45B5-9D56-B05DCC7FADC4}.Release|Any CPU.ActiveCfg = Release|Any CPU
		{360084FF-37EB-45B5-9D56-B05DCC7FADC4}.Release|Any CPU.Build.0 = Release|Any CPU
		{063BB08A-09EA-4CF5-A539-56C63EFD2C8A}.Debug|Any CPU.ActiveCfg = Debug|Any CPU
		{063BB08A-09EA-4CF5-A539-56C63EFD2C8A}.Debug|Any CPU.Build.0 = Debug|Any CPU
		{063BB08A-09EA-4CF5-A539-56C63EFD2C8A}.Release|Any CPU.ActiveCfg = Release|Any CPU
		{063BB08A-09EA-4CF5-A539-56C63EFD2C8A}.Release|Any CPU.Build.0 = Release|Any CPU
		{32A446F6-2F34-4BE8-9FEF-629F37F0020A}.Debug|Any CPU.ActiveCfg = Debug|Any CPU
		{32A446F6-2F34-4BE8-9FEF-629F37F0020A}.Debug|Any CPU.Build.0 = Debug|Any CPU
		{32A446F6-2F34-4BE8-9FEF-629F37F0020A}.Release|Any CPU.ActiveCfg = Release|Any CPU
		{32A446F6-2F34-4BE8-9FEF-629F37F0020A}.Release|Any CPU.Build.0 = Release|Any CPU
		{57F1AA3A-458D-4367-9E9C-4EEC0A70CB69}.Debug|Any CPU.ActiveCfg = Debug|Any CPU
		{57F1AA3A-458D-4367-9E9C-4EEC0A70CB69}.Debug|Any CPU.Build.0 = Debug|Any CPU
		{57F1AA3A-458D-4367-9E9C-4EEC0A70CB69}.Release|Any CPU.ActiveCfg = Release|Any CPU
		{57F1AA3A-458D-4367-9E9C-4EEC0A70CB69}.Release|Any CPU.Build.0 = Release|Any CPU
		{7E6D32D1-6B53-4A60-8AAC-3A2EE78D0277}.Debug|Any CPU.ActiveCfg = Debug|Any CPU
		{7E6D32D1-6B53-4A60-8AAC-3A2EE78D0277}.Debug|Any CPU.Build.0 = Debug|Any CPU
		{7E6D32D1-6B53-4A60-8AAC-3A2EE78D0277}.Release|Any CPU.ActiveCfg = Release|Any CPU
		{7E6D32D1-6B53-4A60-8AAC-3A2EE78D0277}.Release|Any CPU.Build.0 = Release|Any CPU
		{A21CB427-6AFD-4FB2-AE0B-91DC159435D0}.Debug|Any CPU.ActiveCfg = Debug|Any CPU
		{A21CB427-6AFD-4FB2-AE0B-91DC159435D0}.Debug|Any CPU.Build.0 = Debug|Any CPU
		{A21CB427-6AFD-4FB2-AE0B-91DC159435D0}.Release|Any CPU.ActiveCfg = Release|Any CPU
		{A21CB427-6AFD-4FB2-AE0B-91DC159435D0}.Release|Any CPU.Build.0 = Release|Any CPU
	EndGlobalSection
	GlobalSection(SolutionProperties) = preSolution
		HideSolutionNode = FALSE
	EndGlobalSection
	GlobalSection(NestedProjects) = preSolution
		{ABE36459-1517-4E03-878B-752FBA9A825D} = {CC5E93EC-8B75-4DA4-9431-581A6E2AF541}
		{360084FF-37EB-45B5-9D56-B05DCC7FADC4} = {99795E73-13C0-41B2-8549-7F547FD8B596}
		{063BB08A-09EA-4CF5-A539-56C63EFD2C8A} = {99795E73-13C0-41B2-8549-7F547FD8B596}
		{32A446F6-2F34-4BE8-9FEF-629F37F0020A} = {CC5E93EC-8B75-4DA4-9431-581A6E2AF541}
		{57F1AA3A-458D-4367-9E9C-4EEC0A70CB69} = {99795E73-13C0-41B2-8549-7F547FD8B596}
		{3707A631-71A3-41D6-AE1E-E91682EE689E} = {138A43B8-A620-4B16-AAAA-EE522ADF2B0B}
		{7E6D32D1-6B53-4A60-8AAC-3A2EE78D0277} = {3707A631-71A3-41D6-AE1E-E91682EE689E}
		{A21CB427-6AFD-4FB2-AE0B-91DC159435D0} = {3707A631-71A3-41D6-AE1E-E91682EE689E}
	EndGlobalSection
	GlobalSection(ExtensibilityGlobals) = postSolution
		SolutionGuid = {15D46AA0-9934-4B54-90BB-10A3E6F22876}
	EndGlobalSection
EndGlobal
