
Microsoft Visual Studio Solution File, Format Version 12.00
# Visual Studio 15
VisualStudioVersion = 15.0.27130.2027
MinimumVisualStudioVersion = 10.0.40219.1
Project("{9A19103F-16F7-4668-BE54-9A1E7A4F7556}") = "Dharma.EventSourcing", "Dharma.EventSourcing\Dharma.EventSourcing.csproj", "{ABE36459-1517-4E03-878B-752FBA9A825D}"
EndProject
Project("{FAE04EC0-301F-11D3-BF4B-00C04F79EFBC}") = "Members.EventStore", "Members.EventStore\Members.EventStore.csproj", "{718089E1-5375-4658-A842-6AE5F5EE7CBB}"
EndProject
Global
	GlobalSection(SolutionConfigurationPlatforms) = preSolution
		Debug|Any CPU = Debug|Any CPU
		Release|Any CPU = Release|Any CPU
	EndGlobalSection
	GlobalSection(ProjectConfigurationPlatforms) = postSolution
		{ABE36459-1517-4E03-878B-752FBA9A825D}.Debug|Any CPU.ActiveCfg = Debug|Any CPU
		{ABE36459-1517-4E03-878B-752FBA9A825D}.Debug|Any CPU.Build.0 = Debug|Any CPU
		{ABE36459-1517-4E03-878B-752FBA9A825D}.Release|Any CPU.ActiveCfg = Release|Any CPU
		{ABE36459-1517-4E03-878B-752FBA9A825D}.Release|Any CPU.Build.0 = Release|Any CPU
		{718089E1-5375-4658-A842-6AE5F5EE7CBB}.Debug|Any CPU.ActiveCfg = Debug|Any CPU
		{718089E1-5375-4658-A842-6AE5F5EE7CBB}.Debug|Any CPU.Build.0 = Debug|Any CPU
		{718089E1-5375-4658-A842-6AE5F5EE7CBB}.Release|Any CPU.ActiveCfg = Release|Any CPU
		{718089E1-5375-4658-A842-6AE5F5EE7CBB}.Release|Any CPU.Build.0 = Release|Any CPU
	EndGlobalSection
	GlobalSection(SolutionProperties) = preSolution
		HideSolutionNode = FALSE
	EndGlobalSection
	GlobalSection(ExtensibilityGlobals) = postSolution
		SolutionGuid = {15D46AA0-9934-4B54-90BB-10A3E6F22876}
	EndGlobalSection
EndGlobal
