
Microsoft Visual Studio Solution File, Format Version 12.00
# Visual Studio 15
VisualStudioVersion = 15.0.27703.2026
MinimumVisualStudioVersion = 10.0.40219.1
Project("{9A19103F-16F7-4668-BE54-9A1E7A4F7556}") = "EventBus", "eventbus\EventBus.csproj", "{5BBE169F-FE96-4066-9D3E-12F82D00A68B}"
EndProject
Project("{9A19103F-16F7-4668-BE54-9A1E7A4F7556}") = "EventStore", "eventstore\EventStore.csproj", "{C0F78308-45EA-4EAC-880C-CC26EE155C0D}"
EndProject
Global
	GlobalSection(SolutionConfigurationPlatforms) = preSolution
		Debug|Any CPU = Debug|Any CPU
		Release|Any CPU = Release|Any CPU
	EndGlobalSection
	GlobalSection(ProjectConfigurationPlatforms) = postSolution
		{5BBE169F-FE96-4066-9D3E-12F82D00A68B}.Debug|Any CPU.ActiveCfg = Debug|Any CPU
		{5BBE169F-FE96-4066-9D3E-12F82D00A68B}.Debug|Any CPU.Build.0 = Debug|Any CPU
		{5BBE169F-FE96-4066-9D3E-12F82D00A68B}.Release|Any CPU.ActiveCfg = Release|Any CPU
		{5BBE169F-FE96-4066-9D3E-12F82D00A68B}.Release|Any CPU.Build.0 = Release|Any CPU
		{C0F78308-45EA-4EAC-880C-CC26EE155C0D}.Debug|Any CPU.ActiveCfg = Debug|Any CPU
		{C0F78308-45EA-4EAC-880C-CC26EE155C0D}.Debug|Any CPU.Build.0 = Debug|Any CPU
		{C0F78308-45EA-4EAC-880C-CC26EE155C0D}.Release|Any CPU.ActiveCfg = Release|Any CPU
		{C0F78308-45EA-4EAC-880C-CC26EE155C0D}.Release|Any CPU.Build.0 = Release|Any CPU
	EndGlobalSection
	GlobalSection(SolutionProperties) = preSolution
		HideSolutionNode = FALSE
	EndGlobalSection
	GlobalSection(ExtensibilityGlobals) = postSolution
		SolutionGuid = {5FE1FACE-0DB0-4E49-9AF0-72A3FEFA4C63}
	EndGlobalSection
EndGlobal
