
Microsoft Visual Studio Solution File, Format Version 12.00
# Visual Studio 15
VisualStudioVersion = 15.0.27703.2026
MinimumVisualStudioVersion = 10.0.40219.1
Project("{9A19103F-16F7-4668-BE54-9A1E7A4F7556}") = "Sales.API", "Sales.API\Sales.API.csproj", "{0F8CA978-A5AD-4133-B486-D7DB5B1A7D4F}"
EndProject
Project("{E53339B2-1760-4266-BCC7-CA923CBCF16C}") = "docker-compose", "docker-compose.dcproj", "{64B90FE5-B438-49B6-A217-E8B49B022F2E}"
EndProject
Project("{FAE04EC0-301F-11D3-BF4B-00C04F79EFBC}") = "Sales.Domain", "Sales.Domain\Sales.Domain.csproj", "{34EAD4B1-17F0-43F1-B642-D4CF96AFF0EB}"
EndProject
Project("{FAE04EC0-301F-11D3-BF4B-00C04F79EFBC}") = "Sales.Application", "Sales.Application\Sales.Application.csproj", "{1026788D-0450-4899-A2F6-19009C4EC02B}"
EndProject
Global
	GlobalSection(SolutionConfigurationPlatforms) = preSolution
		Debug|Any CPU = Debug|Any CPU
		Release|Any CPU = Release|Any CPU
	EndGlobalSection
	GlobalSection(ProjectConfigurationPlatforms) = postSolution
		{0F8CA978-A5AD-4133-B486-D7DB5B1A7D4F}.Debug|Any CPU.ActiveCfg = Debug|Any CPU
		{0F8CA978-A5AD-4133-B486-D7DB5B1A7D4F}.Debug|Any CPU.Build.0 = Debug|Any CPU
		{0F8CA978-A5AD-4133-B486-D7DB5B1A7D4F}.Release|Any CPU.ActiveCfg = Release|Any CPU
		{0F8CA978-A5AD-4133-B486-D7DB5B1A7D4F}.Release|Any CPU.Build.0 = Release|Any CPU
		{64B90FE5-B438-49B6-A217-E8B49B022F2E}.Debug|Any CPU.ActiveCfg = Debug|Any CPU
		{64B90FE5-B438-49B6-A217-E8B49B022F2E}.Debug|Any CPU.Build.0 = Debug|Any CPU
		{64B90FE5-B438-49B6-A217-E8B49B022F2E}.Release|Any CPU.ActiveCfg = Release|Any CPU
		{64B90FE5-B438-49B6-A217-E8B49B022F2E}.Release|Any CPU.Build.0 = Release|Any CPU
		{34EAD4B1-17F0-43F1-B642-D4CF96AFF0EB}.Debug|Any CPU.ActiveCfg = Debug|Any CPU
		{34EAD4B1-17F0-43F1-B642-D4CF96AFF0EB}.Debug|Any CPU.Build.0 = Debug|Any CPU
		{34EAD4B1-17F0-43F1-B642-D4CF96AFF0EB}.Release|Any CPU.ActiveCfg = Release|Any CPU
		{34EAD4B1-17F0-43F1-B642-D4CF96AFF0EB}.Release|Any CPU.Build.0 = Release|Any CPU
		{1026788D-0450-4899-A2F6-19009C4EC02B}.Debug|Any CPU.ActiveCfg = Debug|Any CPU
		{1026788D-0450-4899-A2F6-19009C4EC02B}.Debug|Any CPU.Build.0 = Debug|Any CPU
		{1026788D-0450-4899-A2F6-19009C4EC02B}.Release|Any CPU.ActiveCfg = Release|Any CPU
		{1026788D-0450-4899-A2F6-19009C4EC02B}.Release|Any CPU.Build.0 = Release|Any CPU
	EndGlobalSection
	GlobalSection(SolutionProperties) = preSolution
		HideSolutionNode = FALSE
	EndGlobalSection
	GlobalSection(ExtensibilityGlobals) = postSolution
		SolutionGuid = {265F746D-D07F-4F1A-A6D2-B8E68D390BCA}
	EndGlobalSection
EndGlobal
