
Microsoft Visual Studio Solution File, Format Version 12.00
# Visual Studio 15
VisualStudioVersion = 15.0.27703.2026
MinimumVisualStudioVersion = 10.0.40219.1
Project("{FAE04EC0-301F-11D3-BF4B-00C04F79EFBC}") = "Ecommerce.Events", "Ecommerce.Events\Ecommerce.Events.csproj", "{B5CAB4E0-39F1-4454-A5D1-BD618096C958}"
EndProject
Global
	GlobalSection(SolutionConfigurationPlatforms) = preSolution
		Debug|Any CPU = Debug|Any CPU
		Release|Any CPU = Release|Any CPU
	EndGlobalSection
	GlobalSection(ProjectConfigurationPlatforms) = postSolution
		{B5CAB4E0-39F1-4454-A5D1-BD618096C958}.Debug|Any CPU.ActiveCfg = Debug|Any CPU
		{B5CAB4E0-39F1-4454-A5D1-BD618096C958}.Debug|Any CPU.Build.0 = Debug|Any CPU
		{B5CAB4E0-39F1-4454-A5D1-BD618096C958}.Release|Any CPU.ActiveCfg = Release|Any CPU
		{B5CAB4E0-39F1-4454-A5D1-BD618096C958}.Release|Any CPU.Build.0 = Release|Any CPU
	EndGlobalSection
	GlobalSection(SolutionProperties) = preSolution
		HideSolutionNode = FALSE
	EndGlobalSection
	GlobalSection(ExtensibilityGlobals) = postSolution
		SolutionGuid = {B40DCC4D-5C9C-4409-99BD-2E094F81969C}
	EndGlobalSection
EndGlobal
